
Microsoft Visual Studio Solution File, Format Version 12.00
# Visual Studio Version 17
VisualStudioVersion = 17.2.32602.215
MinimumVisualStudioVersion = 10.0.40219.1
Project("{FAE04EC0-301F-11D3-BF4B-00C04F79EFBC}") = "LjekobiljeWPF", "LjekobiljeWPF\LjekobiljeWPF.csproj", "{D05E7F45-CB03-4344-9ACC-45EFCF4893A7}"
EndProject
Global
	GlobalSection(SolutionConfigurationPlatforms) = preSolution
		Debug|Any CPU = Debug|Any CPU
		Release|Any CPU = Release|Any CPU
	EndGlobalSection
	GlobalSection(ProjectConfigurationPlatforms) = postSolution
		{D05E7F45-CB03-4344-9ACC-45EFCF4893A7}.Debug|Any CPU.ActiveCfg = Debug|Any CPU
		{D05E7F45-CB03-4344-9ACC-45EFCF4893A7}.Debug|Any CPU.Build.0 = Debug|Any CPU
		{D05E7F45-CB03-4344-9ACC-45EFCF4893A7}.Release|Any CPU.ActiveCfg = Release|Any CPU
		{D05E7F45-CB03-4344-9ACC-45EFCF4893A7}.Release|Any CPU.Build.0 = Release|Any CPU
	EndGlobalSection
	GlobalSection(SolutionProperties) = preSolution
		HideSolutionNode = FALSE
	EndGlobalSection
	GlobalSection(ExtensibilityGlobals) = postSolution
		SolutionGuid = {A106DB0D-2CF3-4128-878A-6DC0869E5DED}
	EndGlobalSection
EndGlobal
